{
  "lockfileVersion": 1,
  "workspaces": {
    "": {
      "name": "tmp-cli",
      "dependencies": {
        "trpc-cli": "^0.10.1",
        "zod": "^4.0.10",
      },
      "devDependencies": {
        "@types/bun": "latest",
      },
      "peerDependencies": {
        "typescript": "^5",
      },
    },
  },
  "packages": {
    "@trpc/server": ["@trpc/server@11.4.3", "", { "peerDependencies": { "typescript": ">=5.7.2" } }, "sha512-wnWq3wiLlMOlYkaIZz+qbuYA5udPTLS4GVVRyFkr6aT83xpdCHyVtURT+u4hSoIrOXQM9OPCNXSXsAujWZDdaw=="],

    "@types/bun": ["@types/bun@1.2.19", "", { "dependencies": { "bun-types": "1.2.19" } }, "sha512-d9ZCmrH3CJ2uYKXQIUuZ/pUnTqIvLDS0SK7pFmbx8ma+ziH/FRMoAq5bYpRG7y+w1gl+HgyNZbtqgMq4W4e2Lg=="],

    "@types/node": ["@types/node@24.1.0", "", { "dependencies": { "undici-types": "~7.8.0" } }, "sha512-ut5FthK5moxFKH2T1CUOC6ctR67rQRvvHdFLCD2Ql6KXmMuCrjsSsRI9UsLCm9M18BMwClv4pn327UvB7eeO1w=="],

    "@types/omelette": ["@types/omelette@0.4.5", "", {}, "sha512-zUCJpVRwfMcZfkxSCGp73mgd3/xesvPz5tQJIORlfP/zkYEyp9KUfF7IP3RRjyZR3DwxkPs96/IFf70GmYZYHQ=="],

    "@types/react": ["@types/react@19.1.8", "", { "dependencies": { "csstype": "^3.0.2" } }, "sha512-AwAfQ2Wa5bCx9WP8nZL2uMZWod7J7/JSplxbTmBQ5ms6QpqNYm672H0Vu9ZVKVngQ+ii4R/byguVEUZQyeg44g=="],

    "bun-types": ["bun-types@1.2.19", "", { "dependencies": { "@types/node": "*" }, "peerDependencies": { "@types/react": "^19" } }, "sha512-uAOTaZSPuYsWIXRpj7o56Let0g/wjihKCkeRqUBhlLVM/Bt+Fj9xTo+LhC1OV1XDaGkz4hNC80et5xgy+9KTHQ=="],

    "commander": ["commander@14.0.0", "", {}, "sha512-2uM9rYjPvyq39NwLRqaiLtWHyDC1FvryJDa2ATTVims5YAS4PupsEQsDvP14FqhFr0P49CYDugi59xaxJlTXRA=="],

    "csstype": ["csstype@3.1.3", "", {}, "sha512-M1uQkMl8rQK/szD0LNhtqxIPLpimGm8sOBwU7lLnCpSbTyY3yeU1Vc7l4KT5zT4s/yOxHH5O7tIuuLOCnLADRw=="],

    "picocolors": ["picocolors@1.1.1", "", {}, "sha512-xceH2snhtb5M9liqDsmEw56le376mTZkEX/jEb/RxNFyegNul7eNslCXP9FDj/Lcu0X8KEyMceP2ntpaHrDEVA=="],

    "trpc-cli": ["trpc-cli@0.10.1", "", { "dependencies": { "@trpc/server": "^11.1.1", "@types/omelette": "^0.4.4", "commander": "^14.0.0", "picocolors": "^1.0.1", "zod": "^3.25.3", "zod-to-json-schema": "^3.23.0" }, "peerDependencies": { "@inquirer/prompts": "*", "omelette": "*" }, "optionalPeers": ["@inquirer/prompts", "omelette"], "bin": { "trpc-cli": "dist/bin.js" } }, "sha512-H8R0XTeSpG2Es0Z677FBMEYcVmaIlFOnDuCugCpHqzEGpByDfXBnRENOeJ5E0otkXpkF3yqBKvkgjCM5Xmd16g=="],

    "typescript": ["typescript@5.8.3", "", { "bin": { "tsc": "bin/tsc", "tsserver": "bin/tsserver" } }, "sha512-p1diW6TqL9L07nNxvRMM7hMMw4c5XOo/1ibL4aAIGmSAt9slTE1Xgw5KWuof2uTOvCg9BY7ZRi+GaF+7sfgPeQ=="],

    "undici-types": ["undici-types@7.8.0", "", {}, "sha512-9UJ2xGDvQ43tYyVMpuHlsgApydB8ZKfVYTsLDhXkFL/6gfkp+U8xTGdh8pMJv1SpZna0zxG1DwsKZsreLbXBxw=="],

    "zod": ["zod@4.0.10", "", {}, "sha512-3vB+UU3/VmLL2lvwcY/4RV2i9z/YU0DTV/tDuYjrwmx5WeJ7hwy+rGEEx8glHp6Yxw7ibRbKSaIFBgReRPe5KA=="],

    "zod-to-json-schema": ["zod-to-json-schema@3.24.6", "", { "peerDependencies": { "zod": "^3.24.1" } }, "sha512-h/z3PKvcTcTetyjl1fkj79MHNEjm+HpD6NXheWjzOekY7kV+lwDYnHw+ivHkijnCSMz1yJaWBD9vu/Fcmk+vEg=="],

    "trpc-cli/zod": ["zod@3.25.76", "", {}, "sha512-gzUt/qt81nXsFGKIFcC3YnfEAx5NkunCfnDlvuBSSFS02bcXu4Lmea0AFIUwbLWxWPx3d9p8S5QoaujKcNQxcQ=="],
  }
}
